Microsoft Visual Studio Solution File, Format Version 11.00
# Visual Studio 2008

Project("{5FB9616B-D451-B37D-736E-39D5B115F6FC}") = "CLOUD10", "Assembly-CSharp.csproj", "{2318E660-B903-B784-130F-B8C372CB6A63}"
EndProject
Global
	GlobalSection(SolutionConfigurationPlatforms) = preSolution
		Debug|Any CPU = Debug|Any CPU
		Release|Any CPU = Release|Any CPU
	EndGlobalSection
	GlobalSection(ProjectConfigurationPlatforms) = postSolution
		{2318E660-B903-B784-130F-B8C372CB6A63}.Debug|Any CPU.ActiveCfg = Debug|Any CPU
		{2318E660-B903-B784-130F-B8C372CB6A63}.Debug|Any CPU.Build.0 = Debug|Any CPU
		{2318E660-B903-B784-130F-B8C372CB6A63}.Release|Any CPU.ActiveCfg = Release|Any CPU
		{2318E660-B903-B784-130F-B8C372CB6A63}.Release|Any CPU.Build.0 = Release|Any CPU
	EndGlobalSection
	GlobalSection(SolutionProperties) = preSolution
		HideSolutionNode = FALSE
	EndGlobalSection
	GlobalSection(MonoDevelopProperties) = preSolution
		StartupItem = Assembly-CSharp.csproj
	EndGlobalSection
EndGlobal
